// !$*UTF8*$!
{
	archiveVersion = 1;
	classes = {
	};
	objectVersion = 46;
	objects = {

/* Begin PBXBuildFile section */
		849BB99B1A0F2AE700E23750 /* actionIcon_disease.jpg in Resources */ = {isa = PBXBuildFile; fileRef = 849BB99A1A0F2AE700E23750 /* actionIcon_disease.jpg */; };
		84B5A1311A0E36F3008B0D86 /* rightInterfaceTableViewController.m in Sources */ = {isa = PBXBuildFile; fileRef = 84B5A1301A0E36F3008B0D86 /* rightInterfaceTableViewController.m */; };
		84B5A1341A0E65DB008B0D86 /* womens_circle_2.jpg in Resources */ = {isa = PBXBuildFile; fileRef = 84B5A1331A0E65DB008B0D86 /* womens_circle_2.jpg */; };
		84B5A1371A0E7981008B0D86 /* Action.m in Sources */ = {isa = PBXBuildFile; fileRef = 84B5A1361A0E7981008B0D86 /* Action.m */; };
		84B5A13A1A0E7C7A008B0D86 /* ActionsDeck.m in Sources */ = {isa = PBXBuildFile; fileRef = 84B5A1391A0E7C7A008B0D86 /* ActionsDeck.m */; };
		84BC0CD71A0E319300E2AEC8 /* main.m in Sources */ = {isa = PBXBuildFile; fileRef = 84BC0CD61A0E319300E2AEC8 /* main.m */; };
		84BC0CDA1A0E319300E2AEC8 /* AppDelegate.m in Sources */ = {isa = PBXBuildFile; fileRef = 84BC0CD91A0E319300E2AEC8 /* AppDelegate.m */; };
		84BC0CDD1A0E319300E2AEC8 /* ViewController.m in Sources */ = {isa = PBXBuildFile; fileRef = 84BC0CDC1A0E319300E2AEC8 /* ViewController.m */; };
		84BC0CE01A0E319300E2AEC8 /* Main.storyboard in Resources */ = {isa = PBXBuildFile; fileRef = 84BC0CDE1A0E319300E2AEC8 /* Main.storyboard */; };
		84BC0CE21A0E319300E2AEC8 /* Images.xcassets in Resources */ = {isa = PBXBuildFile; fileRef = 84BC0CE11A0E319300E2AEC8 /* Images.xcassets */; };
		84BC0CE51A0E319300E2AEC8 /* LaunchScreen.xib in Resources */ = {isa = PBXBuildFile; fileRef = 84BC0CE31A0E319300E2AEC8 /* LaunchScreen.xib */; };
		84BC0CF11A0E319400E2AEC8 /* episode3Tests.m in Sources */ = {isa = PBXBuildFile; fileRef = 84BC0CF01A0E319400E2AEC8 /* episode3Tests.m */; };
		84E9A0061A0EC03400764E5A /* Player.m in Sources */ = {isa = PBXBuildFile; fileRef = 84E9A0051A0EC03400764E5A /* Player.m */; };
		84E9A0081A0EE56B00764E5A /* womens_circle_2.png in Resources */ = {isa = PBXBuildFile; fileRef = 84E9A0071A0EE56B00764E5A /* womens_circle_2.png */; };
		F8419AA51A0F1A0000732CD9 /* background.jpg in Resources */ = {isa = PBXBuildFile; fileRef = F8419AA41A0F1A0000732CD9 /* background.jpg */; };
		F8419AA71A0F3E9100732CD9 /* game_status.jpg in Resources */ = {isa = PBXBuildFile; fileRef = F8419AA61A0F3E9100732CD9 /* game_status.jpg */; };
		F8419AA91A0F411100732CD9 /* distraction.png in Resources */ = {isa = PBXBuildFile; fileRef = F8419AA81A0F411100732CD9 /* distraction.png */; };
		F8419AAC1A0F413200732CD9 /* energy.png in Resources */ = {isa = PBXBuildFile; fileRef = F8419AAA1A0F413200732CD9 /* energy.png */; };
		F8419AAD1A0F413200732CD9 /* health.png in Resources */ = {isa = PBXBuildFile; fileRef = F8419AAB1A0F413200732CD9 /* health.png */; };
		F8419AAF1A0F456B00732CD9 /* player_status.png in Resources */ = {isa = PBXBuildFile; fileRef = F8419AAE1A0F456B00732CD9 /* player_status.png */; };
		F8524AB51A0E4673009AE620 /* GameSceneView.m in Sources */ = {isa = PBXBuildFile; fileRef = F8524AB41A0E4673009AE620 /* GameSceneView.m */; };
		F8524ABA1A0E4C2D009AE620 /* ProgrammerView.m in Sources */ = {isa = PBXBuildFile; fileRef = F8524AB91A0E4C2D009AE620 /* ProgrammerView.m */; };
		F8524ABC1A0E4C50009AE620 /* ProgrammerView.xib in Resources */ = {isa = PBXBuildFile; fileRef = F8524ABB1A0E4C50009AE620 /* ProgrammerView.xib */; };
		F8524AC01A0E6CA7009AE620 /* GameSceneView.xib in Resources */ = {isa = PBXBuildFile; fileRef = F8524AB61A0E4A86009AE620 /* GameSceneView.xib */; };
		F8524AC21A0E759A009AE620 /* character_fat_pink_one_140.png in Resources */ = {isa = PBXBuildFile; fileRef = F8524AC11A0E759A009AE620 /* character_fat_pink_one_140.png */; };
		F8524AC51A0EC939009AE620 /* ProgrammerStatusView.m in Sources */ = {isa = PBXBuildFile; fileRef = F8524AC41A0EC939009AE620 /* ProgrammerStatusView.m */; };
		F8524AC81A0EC96C009AE620 /* ProgrammerStatusView.xib in Resources */ = {isa = PBXBuildFile; fileRef = F8524AC71A0EC96C009AE620 /* ProgrammerStatusView.xib */; };
		F8524ACB1A0ED79E009AE620 /* Programmer.m in Sources */ = {isa = PBXBuildFile; fileRef = F8524ACA1A0ED79E009AE620 /* Programmer.m */; };
		F8524ACE1A0ED898009AE620 /* ProgrammerState.m in Sources */ = {isa = PBXBuildFile; fileRef = F8524ACD1A0ED898009AE620 /* ProgrammerState.m */; };
/* End PBXBuildFile section */

/* Begin PBXContainerItemProxy section */
		84BC0CEB1A0E319400E2AEC8 /* PBXContainerItemProxy */ = {
			isa = PBXContainerItemProxy;
			containerPortal = 84BC0CC91A0E319300E2AEC8 /* Project object */;
			proxyType = 1;
			remoteGlobalIDString = 84BC0CD01A0E319300E2AEC8;
			remoteInfo = episode3;
		};
/* End PBXContainerItemProxy section */

/* Begin PBXFileReference section */
		849BB99A1A0F2AE700E23750 /* actionIcon_disease.jpg */ = {isa = PBXFileReference; lastKnownFileType = image.jpeg; path = actionIcon_disease.jpg; sourceTree = "<group>"; };
		84B5A12F1A0E36F3008B0D86 /* rightInterfaceTableViewController.h */ = {isa = PBXFileReference; fileEncoding = 4; lastKnownFileType = sourcecode.c.h; name = rightInterfaceTableViewController.h; path = ../rightInterfaceTableViewController.h; sourceTree = "<group>"; };
		84B5A1301A0E36F3008B0D86 /* rightInterfaceTableViewController.m */ = {isa = PBXFileReference; fileEncoding = 4; lastKnownFileType = sourcecode.c.objc; name = rightInterfaceTableViewController.m; path = ../rightInterfaceTableViewController.m; sourceTree = "<group>"; };
		84B5A1331A0E65DB008B0D86 /* womens_circle_2.jpg */ = {isa = PBXFileReference; lastKnownFileType = image.jpeg; path = womens_circle_2.jpg; sourceTree = "<group>"; };
		84B5A1351A0E7981008B0D86 /* Action.h */ = {isa = PBXFileReference; fileEncoding = 4; lastKnownFileType = sourcecode.c.h; path = Action.h; sourceTree = "<group>"; };
		84B5A1361A0E7981008B0D86 /* Action.m */ = {isa = PBXFileReference; fileEncoding = 4; lastKnownFileType = sourcecode.c.objc; path = Action.m; sourceTree = "<group>"; };
		84B5A1381A0E7C7A008B0D86 /* ActionsDeck.h */ = {isa = PBXFileReference; fileEncoding = 4; lastKnownFileType = sourcecode.c.h; path = ActionsDeck.h; sourceTree = "<group>"; };
		84B5A1391A0E7C7A008B0D86 /* ActionsDeck.m */ = {isa = PBXFileReference; fileEncoding = 4; lastKnownFileType = sourcecode.c.objc; path = ActionsDeck.m; sourceTree = "<group>"; };
		84BC0CD11A0E319300E2AEC8 /* episode3.app */ = {isa = PBXFileReference; explicitFileType = wrapper.application; includeInIndex = 0; path = episode3.app; sourceTree = BUILT_PRODUCTS_DIR; };
		84BC0CD51A0E319300E2AEC8 /* Info.plist */ = {isa = PBXFileReference; lastKnownFileType = text.plist.xml; path = Info.plist; sourceTree = "<group>"; };
		84BC0CD61A0E319300E2AEC8 /* main.m */ = {isa = PBXFileReference; lastKnownFileType = sourcecode.c.objc; path = main.m; sourceTree = "<group>"; };
		84BC0CD81A0E319300E2AEC8 /* AppDelegate.h */ = {isa = PBXFileReference; lastKnownFileType = sourcecode.c.h; path = AppDelegate.h; sourceTree = "<group>"; };
		84BC0CD91A0E319300E2AEC8 /* AppDelegate.m */ = {isa = PBXFileReference; lastKnownFileType = sourcecode.c.objc; path = AppDelegate.m; sourceTree = "<group>"; };
		84BC0CDB1A0E319300E2AEC8 /* ViewController.h */ = {isa = PBXFileReference; lastKnownFileType = sourcecode.c.h; path = ViewController.h; sourceTree = "<group>"; };
		84BC0CDC1A0E319300E2AEC8 /* ViewController.m */ = {isa = PBXFileReference; lastKnownFileType = sourcecode.c.objc; path = ViewController.m; sourceTree = "<group>"; };
		84BC0CDF1A0E319300E2AEC8 /* Base */ = {isa = PBXFileReference; lastKnownFileType = file.storyboard; name = Base; path = Base.lproj/Main.storyboard; sourceTree = "<group>"; };
		84BC0CE11A0E319300E2AEC8 /* Images.xcassets */ = {isa = PBXFileReference; lastKnownFileType = folder.assetcatalog; path = Images.xcassets; sourceTree = "<group>"; };
		84BC0CE41A0E319300E2AEC8 /* Base */ = {isa = PBXFileReference; lastKnownFileType = file.xib; name = Base; path = Base.lproj/LaunchScreen.xib; sourceTree = "<group>"; };
		84BC0CEA1A0E319400E2AEC8 /* episode3Tests.xctest */ = {isa = PBXFileReference; explicitFileType = wrapper.cfbundle; includeInIndex = 0; path = episode3Tests.xctest; sourceTree = BUILT_PRODUCTS_DIR; };
		84BC0CEF1A0E319400E2AEC8 /* Info.plist */ = {isa = PBXFileReference; lastKnownFileType = text.plist.xml; path = Info.plist; sourceTree = "<group>"; };
		84BC0CF01A0E319400E2AEC8 /* episode3Tests.m */ = {isa = PBXFileReference; lastKnownFileType = sourcecode.c.objc; path = episode3Tests.m; sourceTree = "<group>"; };
		84E9A0041A0EC03400764E5A /* Player.h */ = {isa = PBXFileReference; fileEncoding = 4; lastKnownFileType = sourcecode.c.h; path = Player.h; sourceTree = "<group>"; };
		84E9A0051A0EC03400764E5A /* Player.m */ = {isa = PBXFileReference; fileEncoding = 4; lastKnownFileType = sourcecode.c.objc; path = Player.m; sourceTree = "<group>"; };
		84E9A0071A0EE56B00764E5A /* womens_circle_2.png */ = {isa = PBXFileReference; lastKnownFileType = image.png; path = womens_circle_2.png; sourceTree = "<group>"; };
		F8419AA41A0F1A0000732CD9 /* background.jpg */ = {isa = PBXFileReference; lastKnownFileType = image.jpeg; name = background.jpg; path = Images/background.jpg; sourceTree = "<group>"; };
		F8419AA61A0F3E9100732CD9 /* game_status.jpg */ = {isa = PBXFileReference; lastKnownFileType = image.jpeg; path = game_status.jpg; sourceTree = "<group>"; };
		F8419AA81A0F411100732CD9 /* distraction.png */ = {isa = PBXFileReference; lastKnownFileType = image.png; path = distraction.png; sourceTree = "<group>"; };
		F8419AAA1A0F413200732CD9 /* energy.png */ = {isa = PBXFileReference; lastKnownFileType = image.png; path = energy.png; sourceTree = "<group>"; };
		F8419AAB1A0F413200732CD9 /* health.png */ = {isa = PBXFileReference; lastKnownFileType = image.png; path = health.png; sourceTree = "<group>"; };
		F8419AAE1A0F456B00732CD9 /* player_status.png */ = {isa = PBXFileReference; lastKnownFileType = image.png; path = player_status.png; sourceTree = "<group>"; };
		F8524AB31A0E4673009AE620 /* GameSceneView.h */ = {isa = PBXFileReference; fileEncoding = 4; lastKnownFileType = sourcecode.c.h; path = GameSceneView.h; sourceTree = "<group>"; };
		F8524AB41A0E4673009AE620 /* GameSceneView.m */ = {isa = PBXFileReference; fileEncoding = 4; lastKnownFileType = sourcecode.c.objc; path = GameSceneView.m; sourceTree = "<group>"; };
		F8524AB61A0E4A86009AE620 /* GameSceneView.xib */ = {isa = PBXFileReference; fileEncoding = 4; lastKnownFileType = file.xib; path = GameSceneView.xib; sourceTree = "<group>"; };
		F8524AB81A0E4C2D009AE620 /* ProgrammerView.h */ = {isa = PBXFileReference; fileEncoding = 4; lastKnownFileType = sourcecode.c.h; path = ProgrammerView.h; sourceTree = "<group>"; };
		F8524AB91A0E4C2D009AE620 /* ProgrammerView.m */ = {isa = PBXFileReference; fileEncoding = 4; lastKnownFileType = sourcecode.c.objc; path = ProgrammerView.m; sourceTree = "<group>"; };
		F8524ABB1A0E4C50009AE620 /* ProgrammerView.xib */ = {isa = PBXFileReference; fileEncoding = 4; lastKnownFileType = file.xib; path = ProgrammerView.xib; sourceTree = "<group>"; };
		F8524AC11A0E759A009AE620 /* character_fat_pink_one_140.png */ = {isa = PBXFileReference; lastKnownFileType = image.png; name = character_fat_pink_one_140.png; path = Images/character_fat_pink_one_140.png; sourceTree = "<group>"; };
		F8524AC31A0EC939009AE620 /* ProgrammerStatusView.h */ = {isa = PBXFileReference; fileEncoding = 4; lastKnownFileType = sourcecode.c.h; path = ProgrammerStatusView.h; sourceTree = "<group>"; };
		F8524AC41A0EC939009AE620 /* ProgrammerStatusView.m */ = {isa = PBXFileReference; fileEncoding = 4; lastKnownFileType = sourcecode.c.objc; path = ProgrammerStatusView.m; sourceTree = "<group>"; };
		F8524AC71A0EC96C009AE620 /* ProgrammerStatusView.xib */ = {isa = PBXFileReference; fileEncoding = 4; lastKnownFileType = file.xib; path = ProgrammerStatusView.xib; sourceTree = "<group>"; };
		F8524AC91A0ED79E009AE620 /* Programmer.h */ = {isa = PBXFileReference; fileEncoding = 4; lastKnownFileType = sourcecode.c.h; path = Programmer.h; sourceTree = "<group>"; };
		F8524ACA1A0ED79E009AE620 /* Programmer.m */ = {isa = PBXFileReference; fileEncoding = 4; lastKnownFileType = sourcecode.c.objc; path = Programmer.m; sourceTree = "<group>"; };
		F8524ACC1A0ED898009AE620 /* ProgrammerState.h */ = {isa = PBXFileReference; fileEncoding = 4; lastKnownFileType = sourcecode.c.h; path = ProgrammerState.h; sourceTree = "<group>"; };
		F8524ACD1A0ED898009AE620 /* ProgrammerState.m */ = {isa = PBXFileReference; fileEncoding = 4; lastKnownFileType = sourcecode.c.objc; path = ProgrammerState.m; sourceTree = "<group>"; };
/* End PBXFileReference section */

/* Begin PBXFrameworksBuildPhase section */
		84BC0CCE1A0E319300E2AEC8 /* Frameworks */ = {
			isa = PBXFrameworksBuildPhase;
			buildActionMask = 2147483647;
			files = (
			);
			runOnlyForDeploymentPostprocessing = 0;
		};
		84BC0CE71A0E319400E2AEC8 /* Frameworks */ = {
			isa = PBXFrameworksBuildPhase;
			buildActionMask = 2147483647;
			files = (
			);
			runOnlyForDeploymentPostprocessing = 0;
		};
/* End PBXFrameworksBuildPhase section */

/* Begin PBXGroup section */
		84B5A1321A0E65C9008B0D86 /* Images */ = {
			isa = PBXGroup;
			children = (
				F8419AAE1A0F456B00732CD9 /* player_status.png */,
				F8419AA81A0F411100732CD9 /* distraction.png */,
				F8419AAA1A0F413200732CD9 /* energy.png */,
				F8419AAB1A0F413200732CD9 /* health.png */,
				F8419AA61A0F3E9100732CD9 /* game_status.jpg */,
				84B5A1331A0E65DB008B0D86 /* womens_circle_2.jpg */,
				849BB99A1A0F2AE700E23750 /* actionIcon_disease.jpg */,
				84E9A0071A0EE56B00764E5A /* womens_circle_2.png */,
				F8419AA41A0F1A0000732CD9 /* background.jpg */,
				F8524AC11A0E759A009AE620 /* character_fat_pink_one_140.png */,
			);
			name = Images;
			sourceTree = "<group>";
		};
		84BC0CC81A0E319300E2AEC8 = {
			isa = PBXGroup;
			children = (
				84BC0CD31A0E319300E2AEC8 /* episode3 */,
				84BC0CED1A0E319400E2AEC8 /* episode3Tests */,
				84BC0CD21A0E319300E2AEC8 /* Products */,
			);
			sourceTree = "<group>";
		};
		84BC0CD21A0E319300E2AEC8 /* Products */ = {
			isa = PBXGroup;
			children = (
				84BC0CD11A0E319300E2AEC8 /* episode3.app */,
				84BC0CEA1A0E319400E2AEC8 /* episode3Tests.xctest */,
			);
			name = Products;
			sourceTree = "<group>";
		};
		84BC0CD31A0E319300E2AEC8 /* episode3 */ = {
			isa = PBXGroup;
			children = (
				84B5A12F1A0E36F3008B0D86 /* rightInterfaceTableViewController.h */,
				84B5A1301A0E36F3008B0D86 /* rightInterfaceTableViewController.m */,
				84BC0CD81A0E319300E2AEC8 /* AppDelegate.h */,
				84BC0CD91A0E319300E2AEC8 /* AppDelegate.m */,
				84BC0CDB1A0E319300E2AEC8 /* ViewController.h */,
				84BC0CDC1A0E319300E2AEC8 /* ViewController.m */,
				84E9A0041A0EC03400764E5A /* Player.h */,
				84E9A0051A0EC03400764E5A /* Player.m */,
				84B5A1351A0E7981008B0D86 /* Action.h */,
				84B5A1361A0E7981008B0D86 /* Action.m */,
				84B5A1381A0E7C7A008B0D86 /* ActionsDeck.h */,
				84B5A1391A0E7C7A008B0D86 /* ActionsDeck.m */,
				F8524AC61A0EC944009AE620 /* GameScene */,
				84BC0CDE1A0E319300E2AEC8 /* Main.storyboard */,
				84BC0CE11A0E319300E2AEC8 /* Images.xcassets */,
				84BC0CE31A0E319300E2AEC8 /* LaunchScreen.xib */,
				84BC0CD41A0E319300E2AEC8 /* Supporting Files */,
			);
			path = episode3;
			sourceTree = "<group>";
		};
		84BC0CD41A0E319300E2AEC8 /* Supporting Files */ = {
			isa = PBXGroup;
			children = (
				84B5A1321A0E65C9008B0D86 /* Images */,
				84BC0CD51A0E319300E2AEC8 /* Info.plist */,
				84BC0CD61A0E319300E2AEC8 /* main.m */,
			);
			name = "Supporting Files";
			sourceTree = "<group>";
		};
		84BC0CED1A0E319400E2AEC8 /* episode3Tests */ = {
			isa = PBXGroup;
			children = (
				84BC0CF01A0E319400E2AEC8 /* episode3Tests.m */,
				84BC0CEE1A0E319400E2AEC8 /* Supporting Files */,
			);
			path = episode3Tests;
			sourceTree = "<group>";
		};
		84BC0CEE1A0E319400E2AEC8 /* Supporting Files */ = {
			isa = PBXGroup;
			children = (
				84BC0CEF1A0E319400E2AEC8 /* Info.plist */,
			);
			name = "Supporting Files";
			sourceTree = "<group>";
		};
		F8524AC61A0EC944009AE620 /* GameScene */ = {
			isa = PBXGroup;
			children = (
				F8524AC91A0ED79E009AE620 /* Programmer.h */,
				F8524ACA1A0ED79E009AE620 /* Programmer.m */,
				F8524ACC1A0ED898009AE620 /* ProgrammerState.h */,
				F8524ACD1A0ED898009AE620 /* ProgrammerState.m */,
				F8524AB31A0E4673009AE620 /* GameSceneView.h */,
				F8524AB41A0E4673009AE620 /* GameSceneView.m */,
				F8524AB61A0E4A86009AE620 /* GameSceneView.xib */,
				F8524AB81A0E4C2D009AE620 /* ProgrammerView.h */,
				F8524AB91A0E4C2D009AE620 /* ProgrammerView.m */,
				F8524ABB1A0E4C50009AE620 /* ProgrammerView.xib */,
				F8524AC31A0EC939009AE620 /* ProgrammerStatusView.h */,
				F8524AC41A0EC939009AE620 /* ProgrammerStatusView.m */,
				F8524AC71A0EC96C009AE620 /* ProgrammerStatusView.xib */,
			);
			name = GameScene;
			sourceTree = "<group>";
		};
/* End PBXGroup section */

/* Begin PBXNativeTarget section */
		84BC0CD01A0E319300E2AEC8 /* episode3 */ = {
			isa = PBXNativeTarget;
			buildConfigurationList = 84BC0CF41A0E319400E2AEC8 /* Build configuration list for PBXNativeTarget "episode3" */;
			buildPhases = (
				84BC0CCD1A0E319300E2AEC8 /* Sources */,
				84BC0CCE1A0E319300E2AEC8 /* Frameworks */,
				84BC0CCF1A0E319300E2AEC8 /* Resources */,
			);
			buildRules = (
			);
			dependencies = (
			);
			name = episode3;
			productName = episode3;
			productReference = 84BC0CD11A0E319300E2AEC8 /* episode3.app */;
			productType = "com.apple.product-type.application";
		};
		84BC0CE91A0E319400E2AEC8 /* episode3Tests */ = {
			isa = PBXNativeTarget;
			buildConfigurationList = 84BC0CF71A0E319400E2AEC8 /* Build configuration list for PBXNativeTarget "episode3Tests" */;
			buildPhases = (
				84BC0CE61A0E319400E2AEC8 /* Sources */,
				84BC0CE71A0E319400E2AEC8 /* Frameworks */,
				84BC0CE81A0E319400E2AEC8 /* Resources */,
			);
			buildRules = (
			);
			dependencies = (
				84BC0CEC1A0E319400E2AEC8 /* PBXTargetDependency */,
			);
			name = episode3Tests;
			productName = episode3Tests;
			productReference = 84BC0CEA1A0E319400E2AEC8 /* episode3Tests.xctest */;
			productType = "com.apple.product-type.bundle.unit-test";
		};
/* End PBXNativeTarget section */

/* Begin PBXProject section */
		84BC0CC91A0E319300E2AEC8 /* Project object */ = {
			isa = PBXProject;
			attributes = {
				LastUpgradeCheck = 0610;
				ORGANIZATIONNAME = Dimitar;
				TargetAttributes = {
					84BC0CD01A0E319300E2AEC8 = {
						CreatedOnToolsVersion = 6.1;
					};
					84BC0CE91A0E319400E2AEC8 = {
						CreatedOnToolsVersion = 6.1;
						TestTargetID = 84BC0CD01A0E319300E2AEC8;
					};
				};
			};
			buildConfigurationList = 84BC0CCC1A0E319300E2AEC8 /* Build configuration list for PBXProject "episode3" */;
			compatibilityVersion = "Xcode 3.2";
			developmentRegion = English;
			hasScannedForEncodings = 0;
			knownRegions = (
				en,
				Base,
			);
			mainGroup = 84BC0CC81A0E319300E2AEC8;
			productRefGroup = 84BC0CD21A0E319300E2AEC8 /* Products */;
			projectDirPath = "";
			projectRoot = "";
			targets = (
				84BC0CD01A0E319300E2AEC8 /* episode3 */,
				84BC0CE91A0E319400E2AEC8 /* episode3Tests */,
			);
		};
/* End PBXProject section */

/* Begin PBXResourcesBuildPhase section */
		84BC0CCF1A0E319300E2AEC8 /* Resources */ = {
			isa = PBXResourcesBuildPhase;
			buildActionMask = 2147483647;
			files = (
				F8419AA91A0F411100732CD9 /* distraction.png in Resources */,
				84BC0CE01A0E319300E2AEC8 /* Main.storyboard in Resources */,
				F8419AA51A0F1A0000732CD9 /* background.jpg in Resources */,
				F8524AC21A0E759A009AE620 /* character_fat_pink_one_140.png in Resources */,
				F8419AAF1A0F456B00732CD9 /* player_status.png in Resources */,
				84B5A1341A0E65DB008B0D86 /* womens_circle_2.jpg in Resources */,
				84E9A0081A0EE56B00764E5A /* womens_circle_2.png in Resources */,
				84BC0CE51A0E319300E2AEC8 /* LaunchScreen.xib in Resources */,
				F8419AAC1A0F413200732CD9 /* energy.png in Resources */,
				F8524AC81A0EC96C009AE620 /* ProgrammerStatusView.xib in Resources */,
				F8524ABC1A0E4C50009AE620 /* ProgrammerView.xib in Resources */,
				F8524AC01A0E6CA7009AE620 /* GameSceneView.xib in Resources */,
				84BC0CE21A0E319300E2AEC8 /* Images.xcassets in Resources */,
				849BB99B1A0F2AE700E23750 /* actionIcon_disease.jpg in Resources */,
				F8419AAD1A0F413200732CD9 /* health.png in Resources */,
				F8419AA71A0F3E9100732CD9 /* game_status.jpg in Resources */,
			);
			runOnlyForDeploymentPostprocessing = 0;
		};
		84BC0CE81A0E319400E2AEC8 /* Resources */ = {
			isa = PBXResourcesBuildPhase;
			buildActionMask = 2147483647;
			files = (
			);
			runOnlyForDeploymentPostprocessing = 0;
		};
/* End PBXResourcesBuildPhase section */

/* Begin PBXSourcesBuildPhase section */
		84BC0CCD1A0E319300E2AEC8 /* Sources */ = {
			isa = PBXSourcesBuildPhase;
			buildActionMask = 2147483647;
			files = (
				84B5A13A1A0E7C7A008B0D86 /* ActionsDeck.m in Sources */,
				F8524AC51A0EC939009AE620 /* ProgrammerStatusView.m in Sources */,
				84B5A1311A0E36F3008B0D86 /* rightInterfaceTableViewController.m in Sources */,
				F8524ACB1A0ED79E009AE620 /* Programmer.m in Sources */,
				84BC0CDD1A0E319300E2AEC8 /* ViewController.m in Sources */,
				F8524ACE1A0ED898009AE620 /* ProgrammerState.m in Sources */,
				84B5A1371A0E7981008B0D86 /* Action.m in Sources */,
				F8524AB51A0E4673009AE620 /* GameSceneView.m in Sources */,
				84BC0CDA1A0E319300E2AEC8 /* AppDelegate.m in Sources */,
				F8524ABA1A0E4C2D009AE620 /* ProgrammerView.m in Sources */,
				84E9A0061A0EC03400764E5A /* Player.m in Sources */,
				84BC0CD71A0E319300E2AEC8 /* main.m in Sources */,
			);
			runOnlyForDeploymentPostprocessing = 0;
		};
		84BC0CE61A0E319400E2AEC8 /* Sources */ = {
			isa = PBXSourcesBuildPhase;
			buildActionMask = 2147483647;
			files = (
				84BC0CF11A0E319400E2AEC8 /* episode3Tests.m in Sources */,
			);
			runOnlyForDeploymentPostprocessing = 0;
		};
/* End PBXSourcesBuildPhase section */

/* Begin PBXTargetDependency section */
		84BC0CEC1A0E319400E2AEC8 /* PBXTargetDependency */ = {
			isa = PBXTargetDependency;
			target = 84BC0CD01A0E319300E2AEC8 /* episode3 */;
			targetProxy = 84BC0CEB1A0E319400E2AEC8 /* PBXContainerItemProxy */;
		};
/* End PBXTargetDependency section */

/* Begin PBXVariantGroup section */
		84BC0CDE1A0E319300E2AEC8 /* Main.storyboard */ = {
			isa = PBXVariantGroup;
			children = (
				84BC0CDF1A0E319300E2AEC8 /* Base */,
			);
			name = Main.storyboard;
			sourceTree = "<group>";
		};
		84BC0CE31A0E319300E2AEC8 /* LaunchScreen.xib */ = {
			isa = PBXVariantGroup;
			children = (
				84BC0CE41A0E319300E2AEC8 /* Base */,
			);
			name = LaunchScreen.xib;
			sourceTree = "<group>";
		};
/* End PBXVariantGroup section */

/* Begin XCBuildConfiguration section */
		84BC0CF21A0E319400E2AEC8 /* Debug */ = {
			isa = XCBuildConfiguration;
			buildSettings = {
				ALWAYS_SEARCH_USER_PATHS = NO;
				CLANG_CXX_LANGUAGE_STANDARD = "gnu++0x";
				CLANG_CXX_LIBRARY = "libc++";
				CLANG_ENABLE_MODULES = YES;
				CLANG_ENABLE_OBJC_ARC = YES;
				CLANG_WARN_BOOL_CONVERSION = YES;
				CLANG_WARN_CONSTANT_CONVERSION = YES;
				CLANG_WARN_DIRECT_OBJC_ISA_USAGE = YES_ERROR;
				CLANG_WARN_EMPTY_BODY = YES;
				CLANG_WARN_ENUM_CONVERSION = YES;
				CLANG_WARN_INT_CONVERSION = YES;
				CLANG_WARN_OBJC_ROOT_CLASS = YES_ERROR;
				CLANG_WARN_UNREACHABLE_CODE = YES;
				CLANG_WARN__DUPLICATE_METHOD_MATCH = YES;
				"CODE_SIGN_IDENTITY[sdk=iphoneos*]" = "iPhone Developer";
				COPY_PHASE_STRIP = NO;
				ENABLE_STRICT_OBJC_MSGSEND = YES;
				GCC_C_LANGUAGE_STANDARD = gnu99;
				GCC_DYNAMIC_NO_PIC = NO;
				GCC_OPTIMIZATION_LEVEL = 0;
				GCC_PREPROCESSOR_DEFINITIONS = (
					"DEBUG=1",
					"$(inherited)",
				);
				GCC_SYMBOLS_PRIVATE_EXTERN = NO;
				GCC_WARN_64_TO_32_BIT_CONVERSION = YES;
				GCC_WARN_ABOUT_RETURN_TYPE = YES_ERROR;
				GCC_WARN_UNDECLARED_SELECTOR = YES;
				GCC_WARN_UNINITIALIZED_AUTOS = YES_AGGRESSIVE;
				GCC_WARN_UNUSED_FUNCTION = YES;
				GCC_WARN_UNUSED_VARIABLE = YES;
				IPHONEOS_DEPLOYMENT_TARGET = 8.1;
				MTL_ENABLE_DEBUG_INFO = YES;
				ONLY_ACTIVE_ARCH = YES;
				SDKROOT = iphoneos;
			};
			name = Debug;
		};
		84BC0CF31A0E319400E2AEC8 /* Release */ = {
			isa = XCBuildConfiguration;
			buildSettings = {
				ALWAYS_SEARCH_USER_PATHS = NO;
				CLANG_CXX_LANGUAGE_STANDARD = "gnu++0x";
				CLANG_CXX_LIBRARY = "libc++";
				CLANG_ENABLE_MODULES = YES;
				CLANG_ENABLE_OBJC_ARC = YES;
				CLANG_WARN_BOOL_CONVERSION = YES;
				CLANG_WARN_CONSTANT_CONVERSION = YES;
				CLANG_WARN_DIRECT_OBJC_ISA_USAGE = YES_ERROR;
				CLANG_WARN_EMPTY_BODY = YES;
				CLANG_WARN_ENUM_CONVERSION = YES;
				CLANG_WARN_INT_CONVERSION = YES;
				CLANG_WARN_OBJC_ROOT_CLASS = YES_ERROR;
				CLANG_WARN_UNREACHABLE_CODE = YES;
				CLANG_WARN__DUPLICATE_METHOD_MATCH = YES;
				"CODE_SIGN_IDENTITY[sdk=iphoneos*]" = "iPhone Developer";
				COPY_PHASE_STRIP = YES;
				ENABLE_NS_ASSERTIONS = NO;
				ENABLE_STRICT_OBJC_MSGSEND = YES;
				GCC_C_LANGUAGE_STANDARD = gnu99;
				GCC_WARN_64_TO_32_BIT_CONVERSION = YES;
				GCC_WARN_ABOUT_RETURN_TYPE = YES_ERROR;
				GCC_WARN_UNDECLARED_SELECTOR = YES;
				GCC_WARN_UNINITIALIZED_AUTOS = YES_AGGRESSIVE;
				GCC_WARN_UNUSED_FUNCTION = YES;
				GCC_WARN_UNUSED_VARIABLE = YES;
				IPHONEOS_DEPLOYMENT_TARGET = 8.1;
				MTL_ENABLE_DEBUG_INFO = NO;
				SDKROOT = iphoneos;
				VALIDATE_PRODUCT = YES;
			};
			name = Release;
		};
		84BC0CF51A0E319400E2AEC8 /* Debug */ = {
			isa = XCBuildConfiguration;
			buildSettings = {
				ASSETCATALOG_COMPILER_APPICON_NAME = AppIcon;
				INFOPLIST_FILE = episode3/Info.plist;
				LD_RUNPATH_SEARCH_PATHS = "$(inherited) @executable_path/Frameworks";
				PRODUCT_NAME = "$(TARGET_NAME)";
			};
			name = Debug;
		};
		84BC0CF61A0E319400E2AEC8 /* Release */ = {
			isa = XCBuildConfiguration;
			buildSettings = {
				ASSETCATALOG_COMPILER_APPICON_NAME = AppIcon;
				INFOPLIST_FILE = episode3/Info.plist;
				LD_RUNPATH_SEARCH_PATHS = "$(inherited) @executable_path/Frameworks";
				PRODUCT_NAME = "$(TARGET_NAME)";
			};
			name = Release;
		};
		84BC0CF81A0E319400E2AEC8 /* Debug */ = {
			isa = XCBuildConfiguration;
			buildSettings = {
				BUNDLE_LOADER = "$(TEST_HOST)";
				FRAMEWORK_SEARCH_PATHS = (
					"$(SDKROOT)/Developer/Library/Frameworks",
					"$(inherited)",
				);
				GCC_PREPROCESSOR_DEFINITIONS = (
					"DEBUG=1",
					"$(inherited)",
				);
				INFOPLIST_FILE = episode3Tests/Info.plist;
				LD_RUNPATH_SEARCH_PATHS = "$(inherited) @executable_path/Frameworks @loader_path/Frameworks";
				PRODUCT_NAME = "$(TARGET_NAME)";
				TEST_HOST = "$(BUILT_PRODUCTS_DIR)/episode3.app/episode3";
			};
			name = Debug;
		};
		84BC0CF91A0E319400E2AEC8 /* Release */ = {
			isa = XCBuildConfiguration;
			buildSettings = {
				BUNDLE_LOADER = "$(TEST_HOST)";
				FRAMEWORK_SEARCH_PATHS = (
					"$(SDKROOT)/Developer/Library/Frameworks",
					"$(inherited)",
				);
				INFOPLIST_FILE = episode3Tests/Info.plist;
				LD_RUNPATH_SEARCH_PATHS = "$(inherited) @executable_path/Frameworks @loader_path/Frameworks";
				PRODUCT_NAME = "$(TARGET_NAME)";
				TEST_HOST = "$(BUILT_PRODUCTS_DIR)/episode3.app/episode3";
			};
			name = Release;
		};
/* End XCBuildConfiguration section */

/* Begin XCConfigurationList section */
		84BC0CCC1A0E319300E2AEC8 /* Build configuration list for PBXProject "episode3" */ = {
			isa = XCConfigurationList;
			buildConfigurations = (
				84BC0CF21A0E319400E2AEC8 /* Debug */,
				84BC0CF31A0E319400E2AEC8 /* Release */,
			);
			defaultConfigurationIsVisible = 0;
			defaultConfigurationName = Release;
		};
		84BC0CF41A0E319400E2AEC8 /* Build configuration list for PBXNativeTarget "episode3" */ = {
			isa = XCConfigurationList;
			buildConfigurations = (
				84BC0CF51A0E319400E2AEC8 /* Debug */,
				84BC0CF61A0E319400E2AEC8 /* Release */,
			);
			defaultConfigurationIsVisible = 0;
			defaultConfigurationName = Release;
		};
		84BC0CF71A0E319400E2AEC8 /* Build configuration list for PBXNativeTarget "episode3Tests" */ = {
			isa = XCConfigurationList;
			buildConfigurations = (
				84BC0CF81A0E319400E2AEC8 /* Debug */,
				84BC0CF91A0E319400E2AEC8 /* Release */,
			);
			defaultConfigurationIsVisible = 0;
			defaultConfigurationName = Release;
		};
/* End XCConfigurationList section */
	};
	rootObject = 84BC0CC91A0E319300E2AEC8 /* Project object */;
}
